
Microsoft Visual Studio Solution File, Format Version 12.00
# Visual Studio Version 17
VisualStudioVersion = 17.8.34525.116
MinimumVisualStudioVersion = 10.0.40219.1
Project("{9A19103F-16F7-4668-BE54-9A1E7A4F7556}") = "API", "API\API.csproj", "{87E9EC28-367D-479E-B03A-30BE8EE1E074}"
EndProject
Project("{9A19103F-16F7-4668-BE54-9A1E7A4F7556}") = "FE", "FE\FE.csproj", "{8EDFA510-ECD9-4AA3-8B3A-31AD2CCBABFE}"
EndProject
Global
	GlobalSection(SolutionConfigurationPlatforms) = preSolution
		Debug|Any CPU = Debug|Any CPU
		Release|Any CPU = Release|Any CPU
	EndGlobalSection
	GlobalSection(ProjectConfigurationPlatforms) = postSolution
		{87E9EC28-367D-479E-B03A-30BE8EE1E074}.Debug|Any CPU.ActiveCfg = Debug|Any CPU
		{87E9EC28-367D-479E-B03A-30BE8EE1E074}.Debug|Any CPU.Build.0 = Debug|Any CPU
		{87E9EC28-367D-479E-B03A-30BE8EE1E074}.Release|Any CPU.ActiveCfg = Release|Any CPU
		{87E9EC28-367D-479E-B03A-30BE8EE1E074}.Release|Any CPU.Build.0 = Release|Any CPU
		{8EDFA510-ECD9-4AA3-8B3A-31AD2CCBABFE}.Debug|Any CPU.ActiveCfg = Debug|Any CPU
		{8EDFA510-ECD9-4AA3-8B3A-31AD2CCBABFE}.Debug|Any CPU.Build.0 = Debug|Any CPU
		{8EDFA510-ECD9-4AA3-8B3A-31AD2CCBABFE}.Release|Any CPU.ActiveCfg = Release|Any CPU
		{8EDFA510-ECD9-4AA3-8B3A-31AD2CCBABFE}.Release|Any CPU.Build.0 = Release|Any CPU
	EndGlobalSection
	GlobalSection(SolutionProperties) = preSolution
		HideSolutionNode = FALSE
	EndGlobalSection
	GlobalSection(ExtensibilityGlobals) = postSolution
		SolutionGuid = {F98F05B2-C129-4E0C-9336-FA2B594D50A9}
	EndGlobalSection
EndGlobal
